{
  "name": "geraremails",
  "version": "1.0.0",
  "lockfileVersion": 1,
  "requires": true,
  "dependencies": {
    "async": {
      "version": "2.6.1",
      "resolved": "https://registry.npmjs.org/async/-/async-2.6.1.tgz",
      "integrity": "sha512-fNEiL2+AZt6AlAw/29Cr0UDe4sRAHCpEHh54WMz+Bb7QfNcFw4h3loofyJpLeQs4Yx7yuqu/2dLgM5hKOs6HlQ==",
      "requires": {
        "lodash": "^4.17.10"
      }
    },
    "email-check": {
      "version": "1.1.0",
      "resolved": "https://registry.npmjs.org/email-check/-/email-check-1.1.0.tgz",
      "integrity": "sha1-AcV2WgFcIxH0YyHcBorGiiMRb2g=",
      "requires": {
        "js-promisify": "1.0.1"
      }
    },
    "email-existence": {
      "version": "0.1.6",
      "resolved": "https://registry.npmjs.org/email-existence/-/email-existence-0.1.6.tgz",
      "integrity": "sha512-mg7vWBaddlMxBFpNMG4h5CZHdBBjcMkN2mFVwGxglRPdgnAD5ashVwhGbQudL2lrvElWyzpR1M61bsvUuzi8Pg==",
      "requires": {
        "async": "2.6.1"
      }
    },
    "js-promisify": {
      "version": "1.0.1",
      "resolved": "https://registry.npmjs.org/js-promisify/-/js-promisify-1.0.1.tgz",
      "integrity": "sha1-xH4YvEGW5JIkjJ0aZjcBreHuPco="
    },
    "lodash": {
      "version": "4.17.10",
      "resolved": "https://registry.npmjs.org/lodash/-/lodash-4.17.10.tgz",
      "integrity": "sha512-UejweD1pDoXu+AD825lWwp4ZGtSwgnpZxb3JDViD7StjQz+Nb/6l093lx4OQ0foGWNRoc19mWy7BzL+UAK2iVg=="
    },
    "rxjs": {
      "version": "6.3.1",
      "resolved": "https://registry.npmjs.org/rxjs/-/rxjs-6.3.1.tgz",
      "integrity": "sha512-hRVfb1Mcf8rLXq1AZEjYpzBnQbO7Duveu1APXkWRTvqzhmkoQ40Pl2F9Btacx+gJCOqsMiugCGG4I2HPQgJRtA==",
      "requires": {
        "tslib": "1.9.3"
      }
    },
    "rxjs-compat": {
      "version": "6.3.1",
      "resolved": "https://registry.npmjs.org/rxjs-compat/-/rxjs-compat-6.3.1.tgz",
      "integrity": "sha512-WK5N7xfx4sbOUAg5r47DUQdjZKvxb5dfRFId6QHbSlA6uQs22N7vlVvodnItotz2dDWgLLqhzO9ByyZofQ2MZg=="
    },
    "tslib": {
      "version": "1.9.3",
      "resolved": "https://registry.npmjs.org/tslib/-/tslib-1.9.3.tgz",
      "integrity": "sha512-4krF8scpejhaOgqzBEcGM7yDIEfi0/8+8zDRZhNZZ2kjmHJ4hv3zCbQWxoJGz1iw5U0Jl0nma13xzHXcncMavQ=="
    }
  }
}
